
Microsoft Visual Studio Solution File, Format Version 12.00
# Visual Studio Version 17
VisualStudioVersion = 17.12.35707.178 d17.12
MinimumVisualStudioVersion = 10.0.40219.1
Project("{FAE04EC0-301F-11D3-BF4B-00C04F79EFBC}") = "ITI_EF.PL", "ITI_EF.PL\ITI_EF.PL.csproj", "{CCDA4774-6CFC-4379-9B75-EE58F9E15548}"
EndProject
Project("{FAE04EC0-301F-11D3-BF4B-00C04F79EFBC}") = "ITI_EF.BLL", "ITI_EF.BLL\ITI_EF.BLL.csproj", "{906488EC-2CF7-4296-89A9-2286A8418DC9}"
EndProject
Project("{FAE04EC0-301F-11D3-BF4B-00C04F79EFBC}") = "ITI.EF.DAL", "ITI.EF.DAL\ITI.EF.DAL.csproj", "{63A2D449-C4A4-474A-AC7F-C766F33CC879}"
EndProject
Global
	GlobalSection(SolutionConfigurationPlatforms) = preSolution
		Debug|Any CPU = Debug|Any CPU
		Release|Any CPU = Release|Any CPU
	EndGlobalSection
	GlobalSection(ProjectConfigurationPlatforms) = postSolution
		{CCDA4774-6CFC-4379-9B75-EE58F9E15548}.Debug|Any CPU.ActiveCfg = Debug|Any CPU
		{CCDA4774-6CFC-4379-9B75-EE58F9E15548}.Debug|Any CPU.Build.0 = Debug|Any CPU
		{CCDA4774-6CFC-4379-9B75-EE58F9E15548}.Release|Any CPU.ActiveCfg = Release|Any CPU
		{CCDA4774-6CFC-4379-9B75-EE58F9E15548}.Release|Any CPU.Build.0 = Release|Any CPU
		{906488EC-2CF7-4296-89A9-2286A8418DC9}.Debug|Any CPU.ActiveCfg = Debug|Any CPU
		{906488EC-2CF7-4296-89A9-2286A8418DC9}.Debug|Any CPU.Build.0 = Debug|Any CPU
		{906488EC-2CF7-4296-89A9-2286A8418DC9}.Release|Any CPU.ActiveCfg = Release|Any CPU
		{906488EC-2CF7-4296-89A9-2286A8418DC9}.Release|Any CPU.Build.0 = Release|Any CPU
		{63A2D449-C4A4-474A-AC7F-C766F33CC879}.Debug|Any CPU.ActiveCfg = Debug|Any CPU
		{63A2D449-C4A4-474A-AC7F-C766F33CC879}.Debug|Any CPU.Build.0 = Debug|Any CPU
		{63A2D449-C4A4-474A-AC7F-C766F33CC879}.Release|Any CPU.ActiveCfg = Release|Any CPU
		{63A2D449-C4A4-474A-AC7F-C766F33CC879}.Release|Any CPU.Build.0 = Release|Any CPU
	EndGlobalSection
	GlobalSection(SolutionProperties) = preSolution
		HideSolutionNode = FALSE
	EndGlobalSection
EndGlobal
